
Microsoft Visual Studio Solution File, Format Version 12.00
# Visual Studio Version 17
VisualStudioVersion = 17.12.35527.113 d17.12
MinimumVisualStudioVersion = 10.0.40219.1
Project("{FAE04EC0-301F-11D3-BF4B-00C04F79EFBC}") = "Form22ClasesMascota", "Form22ClasesMascota\Form22ClasesMascota.csproj", "{A4A89A12-69B5-4D46-819A-C014CB4F1AE6}"
EndProject
Project("{FAE04EC0-301F-11D3-BF4B-00C04F79EFBC}") = "ProyectoClases", "..\..\ProyectoClases\ProyectoClases\ProyectoClases.csproj", "{BE287AF9-1565-4D1E-8939-0B6B5A300192}"
EndProject
Global
	GlobalSection(SolutionConfigurationPlatforms) = preSolution
		Debug|Any CPU = Debug|Any CPU
		Release|Any CPU = Release|Any CPU
	EndGlobalSection
	GlobalSection(ProjectConfigurationPlatforms) = postSolution
		{A4A89A12-69B5-4D46-819A-C014CB4F1AE6}.Debug|Any CPU.ActiveCfg = Debug|Any CPU
		{A4A89A12-69B5-4D46-819A-C014CB4F1AE6}.Debug|Any CPU.Build.0 = Debug|Any CPU
		{A4A89A12-69B5-4D46-819A-C014CB4F1AE6}.Release|Any CPU.ActiveCfg = Release|Any CPU
		{A4A89A12-69B5-4D46-819A-C014CB4F1AE6}.Release|Any CPU.Build.0 = Release|Any CPU
		{BE287AF9-1565-4D1E-8939-0B6B5A300192}.Debug|Any CPU.ActiveCfg = Debug|Any CPU
		{BE287AF9-1565-4D1E-8939-0B6B5A300192}.Debug|Any CPU.Build.0 = Debug|Any CPU
		{BE287AF9-1565-4D1E-8939-0B6B5A300192}.Release|Any CPU.ActiveCfg = Release|Any CPU
		{BE287AF9-1565-4D1E-8939-0B6B5A300192}.Release|Any CPU.Build.0 = Release|Any CPU
	EndGlobalSection
	GlobalSection(SolutionProperties) = preSolution
		HideSolutionNode = FALSE
	EndGlobalSection
EndGlobal
